// !$*UTF8*$!
{
	archiveVersion = 1;
	classes = {
	};
	objectVersion = 50;
	objects = {

/* Begin PBXBuildFile section */
		18F83A3422AAEA21001B7618 /* AppDelegate.swift in Sources */ = {isa = PBXBuildFile; fileRef = 18F83A3322AAEA21001B7618 /* AppDelegate.swift */; };
		18F83A3622AAEA21001B7618 /* ViewController.swift in Sources */ = {isa = PBXBuildFile; fileRef = 18F83A3522AAEA21001B7618 /* ViewController.swift */; };
		18F83A3922AAEA21001B7618 /* Main.storyboard in Resources */ = {isa = PBXBuildFile; fileRef = 18F83A3722AAEA21001B7618 /* Main.storyboard */; };
		18F83A3B22AAEA25001B7618 /* Assets.xcassets in Resources */ = {isa = PBXBuildFile; fileRef = 18F83A3A22AAEA25001B7618 /* Assets.xcassets */; };
		18F83A3E22AAEA25001B7618 /* LaunchScreen.storyboard in Resources */ = {isa = PBXBuildFile; fileRef = 18F83A3C22AAEA25001B7618 /* LaunchScreen.storyboard */; };
		18F83A4922AAEA25001B7618 /* emojionalTests.swift in Sources */ = {isa = PBXBuildFile; fileRef = 18F83A4822AAEA25001B7618 /* emojionalTests.swift */; };
		18F83A5422AAEA25001B7618 /* emojionalUITests.swift in Sources */ = {isa = PBXBuildFile; fileRef = 18F83A5322AAEA25001B7618 /* emojionalUITests.swift */; };
/* End PBXBuildFile section */

/* Begin PBXContainerItemProxy section */
		18F83A4522AAEA25001B7618 /* PBXContainerItemProxy */ = {
			isa = PBXContainerItemProxy;
			containerPortal = 18F83A2822AAEA21001B7618 /* Project object */;
			proxyType = 1;
			remoteGlobalIDString = 18F83A2F22AAEA21001B7618;
			remoteInfo = emojional;
		};
		18F83A5022AAEA25001B7618 /* PBXContainerItemProxy */ = {
			isa = PBXContainerItemProxy;
			containerPortal = 18F83A2822AAEA21001B7618 /* Project object */;
			proxyType = 1;
			remoteGlobalIDString = 18F83A2F22AAEA21001B7618;
			remoteInfo = emojional;
		};
/* End PBXContainerItemProxy section */

/* Begin PBXFileReference section */
		18F83A3022AAEA21001B7618 /* emojional.app */ = {isa = PBXFileReference; explicitFileType = wrapper.application; includeInIndex = 0; path = emojional.app; sourceTree = BUILT_PRODUCTS_DIR; };
		18F83A3322AAEA21001B7618 /* AppDelegate.swift */ = {isa = PBXFileReference; lastKnownFileType = sourcecode.swift; path = AppDelegate.swift; sourceTree = "<group>"; };
		18F83A3522AAEA21001B7618 /* ViewController.swift */ = {isa = PBXFileReference; lastKnownFileType = sourcecode.swift; path = ViewController.swift; sourceTree = "<group>"; };
		18F83A3822AAEA21001B7618 /* Base */ = {isa = PBXFileReference; lastKnownFileType = file.storyboard; name = Base; path = Base.lproj/Main.storyboard; sourceTree = "<group>"; };
		18F83A3A22AAEA25001B7618 /* Assets.xcassets */ = {isa = PBXFileReference; lastKnownFileType = folder.assetcatalog; path = Assets.xcassets; sourceTree = "<group>"; };
		18F83A3D22AAEA25001B7618 /* Base */ = {isa = PBXFileReference; lastKnownFileType = file.storyboard; name = Base; path = Base.lproj/LaunchScreen.storyboard; sourceTree = "<group>"; };
		18F83A3F22AAEA25001B7618 /* Info.plist */ = {isa = PBXFileReference; lastKnownFileType = text.plist.xml; path = Info.plist; sourceTree = "<group>"; };
		18F83A4422AAEA25001B7618 /* emojionalTests.xctest */ = {isa = PBXFileReference; explicitFileType = wrapper.cfbundle; includeInIndex = 0; path = emojionalTests.xctest; sourceTree = BUILT_PRODUCTS_DIR; };
		18F83A4822AAEA25001B7618 /* emojionalTests.swift */ = {isa = PBXFileReference; lastKnownFileType = sourcecode.swift; path = emojionalTests.swift; sourceTree = "<group>"; };
		18F83A4A22AAEA25001B7618 /* Info.plist */ = {isa = PBXFileReference; lastKnownFileType = text.plist.xml; path = Info.plist; sourceTree = "<group>"; };
		18F83A4F22AAEA25001B7618 /* emojionalUITests.xctest */ = {isa = PBXFileReference; explicitFileType = wrapper.cfbundle; includeInIndex = 0; path = emojionalUITests.xctest; sourceTree = BUILT_PRODUCTS_DIR; };
		18F83A5322AAEA25001B7618 /* emojionalUITests.swift */ = {isa = PBXFileReference; lastKnownFileType = sourcecode.swift; path = emojionalUITests.swift; sourceTree = "<group>"; };
		18F83A5522AAEA25001B7618 /* Info.plist */ = {isa = PBXFileReference; lastKnownFileType = text.plist.xml; path = Info.plist; sourceTree = "<group>"; };
/* End PBXFileReference section */

/* Begin PBXFrameworksBuildPhase section */
		18F83A2D22AAEA21001B7618 /* Frameworks */ = {
			isa = PBXFrameworksBuildPhase;
			buildActionMask = 2147483647;
			files = (
			);
			runOnlyForDeploymentPostprocessing = 0;
		};
		18F83A4122AAEA25001B7618 /* Frameworks */ = {
			isa = PBXFrameworksBuildPhase;
			buildActionMask = 2147483647;
			files = (
			);
			runOnlyForDeploymentPostprocessing = 0;
		};
		18F83A4C22AAEA25001B7618 /* Frameworks */ = {
			isa = PBXFrameworksBuildPhase;
			buildActionMask = 2147483647;
			files = (
			);
			runOnlyForDeploymentPostprocessing = 0;
		};
/* End PBXFrameworksBuildPhase section */

/* Begin PBXGroup section */
		18F83A2722AAEA21001B7618 = {
			isa = PBXGroup;
			children = (
				18F83A3222AAEA21001B7618 /* emojional */,
				18F83A4722AAEA25001B7618 /* emojionalTests */,
				18F83A5222AAEA25001B7618 /* emojionalUITests */,
				18F83A3122AAEA21001B7618 /* Products */,
			);
			sourceTree = "<group>";
		};
		18F83A3122AAEA21001B7618 /* Products */ = {
			isa = PBXGroup;
			children = (
				18F83A3022AAEA21001B7618 /* emojional.app */,
				18F83A4422AAEA25001B7618 /* emojionalTests.xctest */,
				18F83A4F22AAEA25001B7618 /* emojionalUITests.xctest */,
			);
			name = Products;
			sourceTree = "<group>";
		};
		18F83A3222AAEA21001B7618 /* emojional */ = {
			isa = PBXGroup;
			children = (
				18F83A3322AAEA21001B7618 /* AppDelegate.swift */,
				18F83A3522AAEA21001B7618 /* ViewController.swift */,
				18F83A3722AAEA21001B7618 /* Main.storyboard */,
				18F83A3A22AAEA25001B7618 /* Assets.xcassets */,
				18F83A3C22AAEA25001B7618 /* LaunchScreen.storyboard */,
				18F83A3F22AAEA25001B7618 /* Info.plist */,
			);
			path = emojional;
			sourceTree = "<group>";
		};
		18F83A4722AAEA25001B7618 /* emojionalTests */ = {
			isa = PBXGroup;
			children = (
				18F83A4822AAEA25001B7618 /* emojionalTests.swift */,
				18F83A4A22AAEA25001B7618 /* Info.plist */,
			);
			path = emojionalTests;
			sourceTree = "<group>";
		};
		18F83A5222AAEA25001B7618 /* emojionalUITests */ = {
			isa = PBXGroup;
			children = (
				18F83A5322AAEA25001B7618 /* emojionalUITests.swift */,
				18F83A5522AAEA25001B7618 /* Info.plist */,
			);
			path = emojionalUITests;
			sourceTree = "<group>";
		};
/* End PBXGroup section */

/* Begin PBXNativeTarget section */
		18F83A2F22AAEA21001B7618 /* emojional */ = {
			isa = PBXNativeTarget;
			buildConfigurationList = 18F83A5822AAEA25001B7618 /* Build configuration list for PBXNativeTarget "emojional" */;
			buildPhases = (
				18F83A2C22AAEA21001B7618 /* Sources */,
				18F83A2D22AAEA21001B7618 /* Frameworks */,
				18F83A2E22AAEA21001B7618 /* Resources */,
			);
			buildRules = (
			);
			dependencies = (
			);
			name = emojional;
			productName = emojional;
			productReference = 18F83A3022AAEA21001B7618 /* emojional.app */;
			productType = "com.apple.product-type.application";
		};
		18F83A4322AAEA25001B7618 /* emojionalTests */ = {
			isa = PBXNativeTarget;
			buildConfigurationList = 18F83A5B22AAEA25001B7618 /* Build configuration list for PBXNativeTarget "emojionalTests" */;
			buildPhases = (
				18F83A4022AAEA25001B7618 /* Sources */,
				18F83A4122AAEA25001B7618 /* Frameworks */,
				18F83A4222AAEA25001B7618 /* Resources */,
			);
			buildRules = (
			);
			dependencies = (
				18F83A4622AAEA25001B7618 /* PBXTargetDependency */,
			);
			name = emojionalTests;
			productName = emojionalTests;
			productReference = 18F83A4422AAEA25001B7618 /* emojionalTests.xctest */;
			productType = "com.apple.product-type.bundle.unit-test";
		};
		18F83A4E22AAEA25001B7618 /* emojionalUITests */ = {
			isa = PBXNativeTarget;
			buildConfigurationList = 18F83A5E22AAEA25001B7618 /* Build configuration list for PBXNativeTarget "emojionalUITests" */;
			buildPhases = (
				18F83A4B22AAEA25001B7618 /* Sources */,
				18F83A4C22AAEA25001B7618 /* Frameworks */,
				18F83A4D22AAEA25001B7618 /* Resources */,
			);
			buildRules = (
			);
			dependencies = (
				18F83A5122AAEA25001B7618 /* PBXTargetDependency */,
			);
			name = emojionalUITests;
			productName = emojionalUITests;
			productReference = 18F83A4F22AAEA25001B7618 /* emojionalUITests.xctest */;
			productType = "com.apple.product-type.bundle.ui-testing";
		};
/* End PBXNativeTarget section */

/* Begin PBXProject section */
		18F83A2822AAEA21001B7618 /* Project object */ = {
			isa = PBXProject;
			attributes = {
				LastSwiftUpdateCheck = 1020;
				LastUpgradeCheck = 1020;
				ORGANIZATIONNAME = Apple;
				TargetAttributes = {
					18F83A2F22AAEA21001B7618 = {
						CreatedOnToolsVersion = 10.2.1;
					};
					18F83A4322AAEA25001B7618 = {
						CreatedOnToolsVersion = 10.2.1;
						TestTargetID = 18F83A2F22AAEA21001B7618;
					};
					18F83A4E22AAEA25001B7618 = {
						CreatedOnToolsVersion = 10.2.1;
						TestTargetID = 18F83A2F22AAEA21001B7618;
					};
				};
			};
			buildConfigurationList = 18F83A2B22AAEA21001B7618 /* Build configuration list for PBXProject "emojional" */;
			compatibilityVersion = "Xcode 9.3";
			developmentRegion = en;
			hasScannedForEncodings = 0;
			knownRegions = (
				en,
				Base,
			);
			mainGroup = 18F83A2722AAEA21001B7618;
			productRefGroup = 18F83A3122AAEA21001B7618 /* Products */;
			projectDirPath = "";
			projectRoot = "";
			targets = (
				18F83A2F22AAEA21001B7618 /* emojional */,
				18F83A4322AAEA25001B7618 /* emojionalTests */,
				18F83A4E22AAEA25001B7618 /* emojionalUITests */,
			);
		};
/* End PBXProject section */

/* Begin PBXResourcesBuildPhase section */
		18F83A2E22AAEA21001B7618 /* Resources */ = {
			isa = PBXResourcesBuildPhase;
			buildActionMask = 2147483647;
			files = (
				18F83A3E22AAEA25001B7618 /* LaunchScreen.storyboard in Resources */,
				18F83A3B22AAEA25001B7618 /* Assets.xcassets in Resources */,
				18F83A3922AAEA21001B7618 /* Main.storyboard in Resources */,
			);
			runOnlyForDeploymentPostprocessing = 0;
		};
		18F83A4222AAEA25001B7618 /* Resources */ = {
			isa = PBXResourcesBuildPhase;
			buildActionMask = 2147483647;
			files = (
			);
			runOnlyForDeploymentPostprocessing = 0;
		};
		18F83A4D22AAEA25001B7618 /* Resources */ = {
			isa = PBXResourcesBuildPhase;
			buildActionMask = 2147483647;
			files = (
			);
			runOnlyForDeploymentPostprocessing = 0;
		};
/* End PBXResourcesBuildPhase section */

/* Begin PBXSourcesBuildPhase section */
		18F83A2C22AAEA21001B7618 /* Sources */ = {
			isa = PBXSourcesBuildPhase;
			buildActionMask = 2147483647;
			files = (
				18F83A3622AAEA21001B7618 /* ViewController.swift in Sources */,
				18F83A3422AAEA21001B7618 /* AppDelegate.swift in Sources */,
			);
			runOnlyForDeploymentPostprocessing = 0;
		};
		18F83A4022AAEA25001B7618 /* Sources */ = {
			isa = PBXSourcesBuildPhase;
			buildActionMask = 2147483647;
			files = (
				18F83A4922AAEA25001B7618 /* emojionalTests.swift in Sources */,
			);
			runOnlyForDeploymentPostprocessing = 0;
		};
		18F83A4B22AAEA25001B7618 /* Sources */ = {
			isa = PBXSourcesBuildPhase;
			buildActionMask = 2147483647;
			files = (
				18F83A5422AAEA25001B7618 /* emojionalUITests.swift in Sources */,
			);
			runOnlyForDeploymentPostprocessing = 0;
		};
/* End PBXSourcesBuildPhase section */

/* Begin PBXTargetDependency section */
		18F83A4622AAEA25001B7618 /* PBXTargetDependency */ = {
			isa = PBXTargetDependency;
			target = 18F83A2F22AAEA21001B7618 /* emojional */;
			targetProxy = 18F83A4522AAEA25001B7618 /* PBXContainerItemProxy */;
		};
		18F83A5122AAEA25001B7618 /* PBXTargetDependency */ = {
			isa = PBXTargetDependency;
			target = 18F83A2F22AAEA21001B7618 /* emojional */;
			targetProxy = 18F83A5022AAEA25001B7618 /* PBXContainerItemProxy */;
		};
/* End PBXTargetDependency section */

/* Begin PBXVariantGroup section */
		18F83A3722AAEA21001B7618 /* Main.storyboard */ = {
			isa = PBXVariantGroup;
			children = (
				18F83A3822AAEA21001B7618 /* Base */,
			);
			name = Main.storyboard;
			sourceTree = "<group>";
		};
		18F83A3C22AAEA25001B7618 /* LaunchScreen.storyboard */ = {
			isa = PBXVariantGroup;
			children = (
				18F83A3D22AAEA25001B7618 /* Base */,
			);
			name = LaunchScreen.storyboard;
			sourceTree = "<group>";
		};
/* End PBXVariantGroup section */

/* Begin XCBuildConfiguration section */
		18F83A5622AAEA25001B7618 /* Debug */ = {
			isa = XCBuildConfiguration;
			buildSettings = {
				ALWAYS_SEARCH_USER_PATHS = NO;
				CLANG_ANALYZER_NONNULL = YES;
				CLANG_ANALYZER_NUMBER_OBJECT_CONVERSION = YES_AGGRESSIVE;
				CLANG_CXX_LANGUAGE_STANDARD = "gnu++14";
				CLANG_CXX_LIBRARY = "libc++";
				CLANG_ENABLE_MODULES = YES;
				CLANG_ENABLE_OBJC_ARC = YES;
				CLANG_ENABLE_OBJC_WEAK = YES;
				CLANG_WARN_BLOCK_CAPTURE_AUTORELEASING = YES;
				CLANG_WARN_BOOL_CONVERSION = YES;
				CLANG_WARN_COMMA = YES;
				CLANG_WARN_CONSTANT_CONVERSION = YES;
				CLANG_WARN_DEPRECATED_OBJC_IMPLEMENTATIONS = YES;
				CLANG_WARN_DIRECT_OBJC_ISA_USAGE = YES_ERROR;
				CLANG_WARN_DOCUMENTATION_COMMENTS = YES;
				CLANG_WARN_EMPTY_BODY = YES;
				CLANG_WARN_ENUM_CONVERSION = YES;
				CLANG_WARN_INFINITE_RECURSION = YES;
				CLANG_WARN_INT_CONVERSION = YES;
				CLANG_WARN_NON_LITERAL_NULL_CONVERSION = YES;
				CLANG_WARN_OBJC_IMPLICIT_RETAIN_SELF = YES;
				CLANG_WARN_OBJC_LITERAL_CONVERSION = YES;
				CLANG_WARN_OBJC_ROOT_CLASS = YES_ERROR;
				CLANG_WARN_RANGE_LOOP_ANALYSIS = YES;
				CLANG_WARN_STRICT_PROTOTYPES = YES;
				CLANG_WARN_SUSPICIOUS_MOVE = YES;
				CLANG_WARN_UNGUARDED_AVAILABILITY = YES_AGGRESSIVE;
				CLANG_WARN_UNREACHABLE_CODE = YES;
				CLANG_WARN__DUPLICATE_METHOD_MATCH = YES;
				CODE_SIGN_IDENTITY = "iPhone Developer";
				COPY_PHASE_STRIP = NO;
				DEBUG_INFORMATION_FORMAT = dwarf;
				ENABLE_STRICT_OBJC_MSGSEND = YES;
				ENABLE_TESTABILITY = YES;
				GCC_C_LANGUAGE_STANDARD = gnu11;
				GCC_DYNAMIC_NO_PIC = NO;
				GCC_NO_COMMON_BLOCKS = YES;
				GCC_OPTIMIZATION_LEVEL = 0;
				GCC_PREPROCESSOR_DEFINITIONS = (
					"DEBUG=1",
					"$(inherited)",
				);
				GCC_WARN_64_TO_32_BIT_CONVERSION = YES;
				GCC_WARN_ABOUT_RETURN_TYPE = YES_ERROR;
				GCC_WARN_UNDECLARED_SELECTOR = YES;
				GCC_WARN_UNINITIALIZED_AUTOS = YES_AGGRESSIVE;
				GCC_WARN_UNUSED_FUNCTION = YES;
				GCC_WARN_UNUSED_VARIABLE = YES;
				IPHONEOS_DEPLOYMENT_TARGET = 12.2;
				MTL_ENABLE_DEBUG_INFO = INCLUDE_SOURCE;
				MTL_FAST_MATH = YES;
				ONLY_ACTIVE_ARCH = YES;
				SDKROOT = iphoneos;
				SWIFT_ACTIVE_COMPILATION_CONDITIONS = DEBUG;
				SWIFT_OPTIMIZATION_LEVEL = "-Onone";
			};
			name = Debug;
		};
		18F83A5722AAEA25001B7618 /* Release */ = {
			isa = XCBuildConfiguration;
			buildSettings = {
				ALWAYS_SEARCH_USER_PATHS = NO;
				CLANG_ANALYZER_NONNULL = YES;
				CLANG_ANALYZER_NUMBER_OBJECT_CONVERSION = YES_AGGRESSIVE;
				CLANG_CXX_LANGUAGE_STANDARD = "gnu++14";
				CLANG_CXX_LIBRARY = "libc++";
				CLANG_ENABLE_MODULES = YES;
				CLANG_ENABLE_OBJC_ARC = YES;
				CLANG_ENABLE_OBJC_WEAK = YES;
				CLANG_WARN_BLOCK_CAPTURE_AUTORELEASING = YES;
				CLANG_WARN_BOOL_CONVERSION = YES;
				CLANG_WARN_COMMA = YES;
				CLANG_WARN_CONSTANT_CONVERSION = YES;
				CLANG_WARN_DEPRECATED_OBJC_IMPLEMENTATIONS = YES;
				CLANG_WARN_DIRECT_OBJC_ISA_USAGE = YES_ERROR;
				CLANG_WARN_DOCUMENTATION_COMMENTS = YES;
				CLANG_WARN_EMPTY_BODY = YES;
				CLANG_WARN_ENUM_CONVERSION = YES;
				CLANG_WARN_INFINITE_RECURSION = YES;
				CLANG_WARN_INT_CONVERSION = YES;
				CLANG_WARN_NON_LITERAL_NULL_CONVERSION = YES;
				CLANG_WARN_OBJC_IMPLICIT_RETAIN_SELF = YES;
				CLANG_WARN_OBJC_LITERAL_CONVERSION = YES;
				CLANG_WARN_OBJC_ROOT_CLASS = YES_ERROR;
				CLANG_WARN_RANGE_LOOP_ANALYSIS = YES;
				CLANG_WARN_STRICT_PROTOTYPES = YES;
				CLANG_WARN_SUSPICIOUS_MOVE = YES;
				CLANG_WARN_UNGUARDED_AVAILABILITY = YES_AGGRESSIVE;
				CLANG_WARN_UNREACHABLE_CODE = YES;
				CLANG_WARN__DUPLICATE_METHOD_MATCH = YES;
				CODE_SIGN_IDENTITY = "iPhone Developer";
				COPY_PHASE_STRIP = NO;
				DEBUG_INFORMATION_FORMAT = "dwarf-with-dsym";
				ENABLE_NS_ASSERTIONS = NO;
				ENABLE_STRICT_OBJC_MSGSEND = YES;
				GCC_C_LANGUAGE_STANDARD = gnu11;
				GCC_NO_COMMON_BLOCKS = YES;
				GCC_WARN_64_TO_32_BIT_CONVERSION = YES;
				GCC_WARN_ABOUT_RETURN_TYPE = YES_ERROR;
				GCC_WARN_UNDECLARED_SELECTOR = YES;
				GCC_WARN_UNINITIALIZED_AUTOS = YES_AGGRESSIVE;
				GCC_WARN_UNUSED_FUNCTION = YES;
				GCC_WARN_UNUSED_VARIABLE = YES;
				IPHONEOS_DEPLOYMENT_TARGET = 12.2;
				MTL_ENABLE_DEBUG_INFO = NO;
				MTL_FAST_MATH = YES;
				SDKROOT = iphoneos;
				SWIFT_COMPILATION_MODE = wholemodule;
				SWIFT_OPTIMIZATION_LEVEL = "-O";
				VALIDATE_PRODUCT = YES;
			};
			name = Release;
		};
		18F83A5922AAEA25001B7618 /* Debug */ = {
			isa = XCBuildConfiguration;
			buildSettings = {
				ASSETCATALOG_COMPILER_APPICON_NAME = AppIcon;
				CODE_SIGN_STYLE = Automatic;
				INFOPLIST_FILE = emojional/Info.plist;
				LD_RUNPATH_SEARCH_PATHS = (
					"$(inherited)",
					"@executable_path/Frameworks",
				);
				PRODUCT_BUNDLE_IDENTIFIER = Anna.emojional;
				PRODUCT_NAME = "$(TARGET_NAME)";
				SWIFT_VERSION = 5.0;
				TARGETED_DEVICE_FAMILY = "1,2";
			};
			name = Debug;
		};
		18F83A5A22AAEA25001B7618 /* Release */ = {
			isa = XCBuildConfiguration;
			buildSettings = {
				ASSETCATALOG_COMPILER_APPICON_NAME = AppIcon;
				CODE_SIGN_STYLE = Automatic;
				INFOPLIST_FILE = emojional/Info.plist;
				LD_RUNPATH_SEARCH_PATHS = (
					"$(inherited)",
					"@executable_path/Frameworks",
				);
				PRODUCT_BUNDLE_IDENTIFIER = Anna.emojional;
				PRODUCT_NAME = "$(TARGET_NAME)";
				SWIFT_VERSION = 5.0;
				TARGETED_DEVICE_FAMILY = "1,2";
			};
			name = Release;
		};
		18F83A5C22AAEA25001B7618 /* Debug */ = {
			isa = XCBuildConfiguration;
			buildSettings = {
				ALWAYS_EMBED_SWIFT_STANDARD_LIBRARIES = YES;
				BUNDLE_LOADER = "$(TEST_HOST)";
				CODE_SIGN_STYLE = Automatic;
				INFOPLIST_FILE = emojionalTests/Info.plist;
				LD_RUNPATH_SEARCH_PATHS = (
					"$(inherited)",
					"@executable_path/Frameworks",
					"@loader_path/Frameworks",
				);
				PRODUCT_BUNDLE_IDENTIFIER = Anna.emojionalTests;
				PRODUCT_NAME = "$(TARGET_NAME)";
				SWIFT_VERSION = 5.0;
				TARGETED_DEVICE_FAMILY = "1,2";
				TEST_HOST = "$(BUILT_PRODUCTS_DIR)/emojional.app/emojional";
			};
			name = Debug;
		};
		18F83A5D22AAEA25001B7618 /* Release */ = {
			isa = XCBuildConfiguration;
			buildSettings = {
				ALWAYS_EMBED_SWIFT_STANDARD_LIBRARIES = YES;
				BUNDLE_LOADER = "$(TEST_HOST)";
				CODE_SIGN_STYLE = Automatic;
				INFOPLIST_FILE = emojionalTests/Info.plist;
				LD_RUNPATH_SEARCH_PATHS = (
					"$(inherited)",
					"@executable_path/Frameworks",
					"@loader_path/Frameworks",
				);
				PRODUCT_BUNDLE_IDENTIFIER = Anna.emojionalTests;
				PRODUCT_NAME = "$(TARGET_NAME)";
				SWIFT_VERSION = 5.0;
				TARGETED_DEVICE_FAMILY = "1,2";
				TEST_HOST = "$(BUILT_PRODUCTS_DIR)/emojional.app/emojional";
			};
			name = Release;
		};
		18F83A5F22AAEA25001B7618 /* Debug */ = {
			isa = XCBuildConfiguration;
			buildSettings = {
				ALWAYS_EMBED_SWIFT_STANDARD_LIBRARIES = YES;
				CODE_SIGN_STYLE = Automatic;
				INFOPLIST_FILE = emojionalUITests/Info.plist;
				LD_RUNPATH_SEARCH_PATHS = (
					"$(inherited)",
					"@executable_path/Frameworks",
					"@loader_path/Frameworks",
				);
				PRODUCT_BUNDLE_IDENTIFIER = Anna.emojionalUITests;
				PRODUCT_NAME = "$(TARGET_NAME)";
				SWIFT_VERSION = 5.0;
				TARGETED_DEVICE_FAMILY = "1,2";
				TEST_TARGET_NAME = emojional;
			};
			name = Debug;
		};
		18F83A6022AAEA25001B7618 /* Release */ = {
			isa = XCBuildConfiguration;
			buildSettings = {
				ALWAYS_EMBED_SWIFT_STANDARD_LIBRARIES = YES;
				CODE_SIGN_STYLE = Automatic;
				INFOPLIST_FILE = emojionalUITests/Info.plist;
				LD_RUNPATH_SEARCH_PATHS = (
					"$(inherited)",
					"@executable_path/Frameworks",
					"@loader_path/Frameworks",
				);
				PRODUCT_BUNDLE_IDENTIFIER = Anna.emojionalUITests;
				PRODUCT_NAME = "$(TARGET_NAME)";
				SWIFT_VERSION = 5.0;
				TARGETED_DEVICE_FAMILY = "1,2";
				TEST_TARGET_NAME = emojional;
			};
			name = Release;
		};
/* End XCBuildConfiguration section */

/* Begin XCConfigurationList section */
		18F83A2B22AAEA21001B7618 /* Build configuration list for PBXProject "emojional" */ = {
			isa = XCConfigurationList;
			buildConfigurations = (
				18F83A5622AAEA25001B7618 /* Debug */,
				18F83A5722AAEA25001B7618 /* Release */,
			);
			defaultConfigurationIsVisible = 0;
			defaultConfigurationName = Release;
		};
		18F83A5822AAEA25001B7618 /* Build configuration list for PBXNativeTarget "emojional" */ = {
			isa = XCConfigurationList;
			buildConfigurations = (
				18F83A5922AAEA25001B7618 /* Debug */,
				18F83A5A22AAEA25001B7618 /* Release */,
			);
			defaultConfigurationIsVisible = 0;
			defaultConfigurationName = Release;
		};
		18F83A5B22AAEA25001B7618 /* Build configuration list for PBXNativeTarget "emojionalTests" */ = {
			isa = XCConfigurationList;
			buildConfigurations = (
				18F83A5C22AAEA25001B7618 /* Debug */,
				18F83A5D22AAEA25001B7618 /* Release */,
			);
			defaultConfigurationIsVisible = 0;
			defaultConfigurationName = Release;
		};
		18F83A5E22AAEA25001B7618 /* Build configuration list for PBXNativeTarget "emojionalUITests" */ = {
			isa = XCConfigurationList;
			buildConfigurations = (
				18F83A5F22AAEA25001B7618 /* Debug */,
				18F83A6022AAEA25001B7618 /* Release */,
			);
			defaultConfigurationIsVisible = 0;
			defaultConfigurationName = Release;
		};
/* End XCConfigurationList section */
	};
	rootObject = 18F83A2822AAEA21001B7618 /* Project object */;
}
